{
  "requires": true,
  "lockfileVersion": 1,
  "dependencies": {
    "layui-src": {
      "version": "2.5.8",
      "resolved": "https://registry.npmjs.org/layui-src/-/layui-src-2.5.8.tgz",
      "integrity": "sha512-Y+dt/+s9XRwdY2CYF3dFJ93RU4RmSQbMVbJWvov3sKUzhT8j9eNR1gr0DEAUBuxEGGmB+eZ8QtlvOv+v8TRAEw=="
    }
  }
}
